{
  "nodes": {
    "flake-utils": {
      "inputs": {
        "systems": "systems"
      },
      "locked": {
        "lastModified": 1694529238,
        "narHash": "sha256-zsNZZGTGnMOf9YpHKJqMSsa0dXbfmxeoJ7xHlrt+xmY=",
        "owner": "numtide",
        "repo": "flake-utils",
        "rev": "ff7b65b44d01cf9ba6a71320833626af21126384",
        "type": "github"
      },
      "original": {
        "owner": "numtide",
        "repo": "flake-utils",
        "type": "github"
      }
    },
    "nixpkgs": {
      "locked": {
        "lastModified": 1699963925,
        "narHash": "sha256-LE7OV/SwkIBsCpAlIPiFhch/J+jBDGEZjNfdnzCnCrY=",
        "owner": "NixOS",
        "repo": "nixpkgs",
        "rev": "bf744fe90419885eefced41b3e5ae442d732712d",
        "type": "github"
      },
      "original": {
        "owner": "NixOS",
        "ref": "nixos-unstable",
        "repo": "nixpkgs",
        "type": "github"
      }
    },
    "omnisharp-vim": {
      "flake": false,
      "locked": {
        "lastModified": 1697407911,
        "narHash": "sha256-z3Dgrm9pNWkvfShPmB9O8TqpY592sk1W722zduOSing=",
        "owner": "OmniSharp",
        "repo": "Omnisharp-vim",
        "rev": "f9c5d3e3375e8b5688a4506e813cb21bdc7329b1",
        "type": "github"
      },
      "original": {
        "owner": "OmniSharp",
        "repo": "Omnisharp-vim",
        "type": "github"
      }
    },
    "root": {
      "inputs": {
        "flake-utils": "flake-utils",
        "nixpkgs": "nixpkgs",
        "omnisharp-vim": "omnisharp-vim",
        "wf-nvim": "wf-nvim"
      }
    },
    "systems": {
      "locked": {
        "lastModified": 1681028828,
        "narHash": "sha256-Vy1rq5AaRuLzOxct8nz4T6wlgyUR7zLU309k9mBC768=",
        "owner": "nix-systems",
        "repo": "default",
        "rev": "da67096a3b9bf56a91d16901293e51ba5b49a27e",
        "type": "github"
      },
      "original": {
        "owner": "nix-systems",
        "repo": "default",
        "type": "github"
      }
    },
    "wf-nvim": {
      "flake": false,
      "locked": {
        "lastModified": 1699893661,
        "narHash": "sha256-Q5gtR99mjnp6Vt5OZ2yssPOVVyZeb/9lCJyWB8h6Odk=",
        "owner": "Cassin01",
        "repo": "wf.nvim",
        "rev": "83b2530e52f2641d2ddaea5560730ce708d7534b",
        "type": "github"
      },
      "original": {
        "owner": "Cassin01",
        "repo": "wf.nvim",
        "type": "github"
      }
    }
  },
  "root": "root",
  "version": 7
}
